
Microsoft Visual Studio Solution File, Format Version 12.00
# Visual Studio 15
VisualStudioVersion = 15.0.28010.2003
MinimumVisualStudioVersion = 10.0.40219.1
Project("{FAE04EC0-301F-11D3-BF4B-00C04F79EFBC}") = "newHQ", "newHQ\newHQ.csproj", "{7B42252B-4096-42D3-83BA-F97A3CB3B4AF}"
EndProject
Project("{9A19103F-16F7-4668-BE54-9A1E7A4F7556}") = "CentralService", "CentralService\CentralService.csproj", "{5F33C19F-7393-4BF9-99D0-89912466E2B6}"
EndProject
Project("{FAE04EC0-301F-11D3-BF4B-00C04F79EFBC}") = "HQPosData", "HQPosData\HQPosData.csproj", "{68C23C72-9ECF-4DED-86E0-73DC677B2367}"
EndProject
Project("{FAE04EC0-301F-11D3-BF4B-00C04F79EFBC}") = "HQService", "HQService\HQService.csproj", "{EEF5377D-2416-40B4-9EC0-EBD10BFF062F}"
EndProject
Global
	GlobalSection(SolutionConfigurationPlatforms) = preSolution
		Debug|Any CPU = Debug|Any CPU
		Debug|ARM = Debug|ARM
		Debug|x64 = Debug|x64
		Debug|x86 = Debug|x86
		Release|Any CPU = Release|Any CPU
		Release|ARM = Release|ARM
		Release|x64 = Release|x64
		Release|x86 = Release|x86
	EndGlobalSection
	GlobalSection(ProjectConfigurationPlatforms) = postSolution
		{5A536C2E-88A7-4B4F-A4A1-FDE451F934C4}.Debug|Any CPU.ActiveCfg = Debug|Any CPU
		{5A536C2E-88A7-4B4F-A4A1-FDE451F934C4}.Debug|Any CPU.Build.0 = Debug|Any CPU
		{5A536C2E-88A7-4B4F-A4A1-FDE451F934C4}.Debug|ARM.ActiveCfg = Debug|Any CPU
		{5A536C2E-88A7-4B4F-A4A1-FDE451F934C4}.Debug|ARM.Build.0 = Debug|Any CPU
		{5A536C2E-88A7-4B4F-A4A1-FDE451F934C4}.Debug|x64.ActiveCfg = Debug|Any CPU
		{5A536C2E-88A7-4B4F-A4A1-FDE451F934C4}.Debug|x64.Build.0 = Debug|Any CPU
		{5A536C2E-88A7-4B4F-A4A1-FDE451F934C4}.Debug|x86.ActiveCfg = Debug|Any CPU
		{5A536C2E-88A7-4B4F-A4A1-FDE451F934C4}.Debug|x86.Build.0 = Debug|Any CPU
		{5A536C2E-88A7-4B4F-A4A1-FDE451F934C4}.Release|Any CPU.ActiveCfg = Release|Any CPU
		{5A536C2E-88A7-4B4F-A4A1-FDE451F934C4}.Release|Any CPU.Build.0 = Release|Any CPU
		{5A536C2E-88A7-4B4F-A4A1-FDE451F934C4}.Release|ARM.ActiveCfg = Release|Any CPU
		{5A536C2E-88A7-4B4F-A4A1-FDE451F934C4}.Release|ARM.Build.0 = Release|Any CPU
		{5A536C2E-88A7-4B4F-A4A1-FDE451F934C4}.Release|x64.ActiveCfg = Release|Any CPU
		{5A536C2E-88A7-4B4F-A4A1-FDE451F934C4}.Release|x64.Build.0 = Release|Any CPU
		{5A536C2E-88A7-4B4F-A4A1-FDE451F934C4}.Release|x86.ActiveCfg = Release|Any CPU
		{5A536C2E-88A7-4B4F-A4A1-FDE451F934C4}.Release|x86.Build.0 = Release|Any CPU
		{7B42252B-4096-42D3-83BA-F97A3CB3B4AF}.Debug|Any CPU.ActiveCfg = Debug|Any CPU
		{7B42252B-4096-42D3-83BA-F97A3CB3B4AF}.Debug|Any CPU.Build.0 = Debug|Any CPU
		{7B42252B-4096-42D3-83BA-F97A3CB3B4AF}.Debug|ARM.ActiveCfg = Debug|Any CPU
		{7B42252B-4096-42D3-83BA-F97A3CB3B4AF}.Debug|ARM.Build.0 = Debug|Any CPU
		{7B42252B-4096-42D3-83BA-F97A3CB3B4AF}.Debug|x64.ActiveCfg = Debug|Any CPU
		{7B42252B-4096-42D3-83BA-F97A3CB3B4AF}.Debug|x64.Build.0 = Debug|Any CPU
		{7B42252B-4096-42D3-83BA-F97A3CB3B4AF}.Debug|x86.ActiveCfg = Debug|Any CPU
		{7B42252B-4096-42D3-83BA-F97A3CB3B4AF}.Debug|x86.Build.0 = Debug|Any CPU
		{7B42252B-4096-42D3-83BA-F97A3CB3B4AF}.Release|Any CPU.ActiveCfg = Release|Any CPU
		{7B42252B-4096-42D3-83BA-F97A3CB3B4AF}.Release|Any CPU.Build.0 = Release|Any CPU
		{7B42252B-4096-42D3-83BA-F97A3CB3B4AF}.Release|ARM.ActiveCfg = Release|Any CPU
		{7B42252B-4096-42D3-83BA-F97A3CB3B4AF}.Release|ARM.Build.0 = Release|Any CPU
		{7B42252B-4096-42D3-83BA-F97A3CB3B4AF}.Release|x64.ActiveCfg = Release|Any CPU
		{7B42252B-4096-42D3-83BA-F97A3CB3B4AF}.Release|x64.Build.0 = Release|Any CPU
		{7B42252B-4096-42D3-83BA-F97A3CB3B4AF}.Release|x86.ActiveCfg = Release|Any CPU
		{7B42252B-4096-42D3-83BA-F97A3CB3B4AF}.Release|x86.Build.0 = Release|Any CPU
		{C23704B7-8270-44DC-BF28-B734F382E160}.Debug|Any CPU.ActiveCfg = Debug|Any CPU
		{C23704B7-8270-44DC-BF28-B734F382E160}.Debug|Any CPU.Build.0 = Debug|Any CPU
		{C23704B7-8270-44DC-BF28-B734F382E160}.Debug|ARM.ActiveCfg = Debug|Any CPU
		{C23704B7-8270-44DC-BF28-B734F382E160}.Debug|ARM.Build.0 = Debug|Any CPU
		{C23704B7-8270-44DC-BF28-B734F382E160}.Debug|x64.ActiveCfg = Debug|Any CPU
		{C23704B7-8270-44DC-BF28-B734F382E160}.Debug|x64.Build.0 = Debug|Any CPU
		{C23704B7-8270-44DC-BF28-B734F382E160}.Debug|x86.ActiveCfg = Debug|Any CPU
		{C23704B7-8270-44DC-BF28-B734F382E160}.Debug|x86.Build.0 = Debug|Any CPU
		{C23704B7-8270-44DC-BF28-B734F382E160}.Release|Any CPU.ActiveCfg = Debug|Any CPU
		{C23704B7-8270-44DC-BF28-B734F382E160}.Release|Any CPU.Build.0 = Debug|Any CPU
		{C23704B7-8270-44DC-BF28-B734F382E160}.Release|ARM.ActiveCfg = Debug|Any CPU
		{C23704B7-8270-44DC-BF28-B734F382E160}.Release|ARM.Build.0 = Debug|Any CPU
		{C23704B7-8270-44DC-BF28-B734F382E160}.Release|x64.ActiveCfg = Debug|Any CPU
		{C23704B7-8270-44DC-BF28-B734F382E160}.Release|x64.Build.0 = Debug|Any CPU
		{C23704B7-8270-44DC-BF28-B734F382E160}.Release|x86.ActiveCfg = Debug|Any CPU
		{C23704B7-8270-44DC-BF28-B734F382E160}.Release|x86.Build.0 = Debug|Any CPU
		{53C6FB54-68EB-4945-BAC1-9EE6BD67D899}.Debug|Any CPU.ActiveCfg = Debug|Any CPU
		{53C6FB54-68EB-4945-BAC1-9EE6BD67D899}.Debug|Any CPU.Build.0 = Debug|Any CPU
		{53C6FB54-68EB-4945-BAC1-9EE6BD67D899}.Debug|ARM.ActiveCfg = Debug|Any CPU
		{53C6FB54-68EB-4945-BAC1-9EE6BD67D899}.Debug|ARM.Build.0 = Debug|Any CPU
		{53C6FB54-68EB-4945-BAC1-9EE6BD67D899}.Debug|x64.ActiveCfg = Debug|Any CPU
		{53C6FB54-68EB-4945-BAC1-9EE6BD67D899}.Debug|x64.Build.0 = Debug|Any CPU
		{53C6FB54-68EB-4945-BAC1-9EE6BD67D899}.Debug|x86.ActiveCfg = Debug|Any CPU
		{53C6FB54-68EB-4945-BAC1-9EE6BD67D899}.Debug|x86.Build.0 = Debug|Any CPU
		{53C6FB54-68EB-4945-BAC1-9EE6BD67D899}.Release|Any CPU.ActiveCfg = Release|Any CPU
		{53C6FB54-68EB-4945-BAC1-9EE6BD67D899}.Release|Any CPU.Build.0 = Release|Any CPU
		{53C6FB54-68EB-4945-BAC1-9EE6BD67D899}.Release|ARM.ActiveCfg = Release|Any CPU
		{53C6FB54-68EB-4945-BAC1-9EE6BD67D899}.Release|ARM.Build.0 = Release|Any CPU
		{53C6FB54-68EB-4945-BAC1-9EE6BD67D899}.Release|x64.ActiveCfg = Release|Any CPU
		{53C6FB54-68EB-4945-BAC1-9EE6BD67D899}.Release|x64.Build.0 = Release|Any CPU
		{53C6FB54-68EB-4945-BAC1-9EE6BD67D899}.Release|x86.ActiveCfg = Release|Any CPU
		{53C6FB54-68EB-4945-BAC1-9EE6BD67D899}.Release|x86.Build.0 = Release|Any CPU
		{6CCB1D2F-AEF7-4337-925E-898C5C75FBC3}.Debug|Any CPU.ActiveCfg = Debug|Any CPU
		{6CCB1D2F-AEF7-4337-925E-898C5C75FBC3}.Debug|Any CPU.Build.0 = Debug|Any CPU
		{6CCB1D2F-AEF7-4337-925E-898C5C75FBC3}.Debug|ARM.ActiveCfg = Debug|Any CPU
		{6CCB1D2F-AEF7-4337-925E-898C5C75FBC3}.Debug|ARM.Build.0 = Debug|Any CPU
		{6CCB1D2F-AEF7-4337-925E-898C5C75FBC3}.Debug|x64.ActiveCfg = Debug|Any CPU
		{6CCB1D2F-AEF7-4337-925E-898C5C75FBC3}.Debug|x64.Build.0 = Debug|Any CPU
		{6CCB1D2F-AEF7-4337-925E-898C5C75FBC3}.Debug|x86.ActiveCfg = Debug|Any CPU
		{6CCB1D2F-AEF7-4337-925E-898C5C75FBC3}.Debug|x86.Build.0 = Debug|Any CPU
		{6CCB1D2F-AEF7-4337-925E-898C5C75FBC3}.Release|Any CPU.ActiveCfg = Release|Any CPU
		{6CCB1D2F-AEF7-4337-925E-898C5C75FBC3}.Release|Any CPU.Build.0 = Release|Any CPU
		{6CCB1D2F-AEF7-4337-925E-898C5C75FBC3}.Release|ARM.ActiveCfg = Release|Any CPU
		{6CCB1D2F-AEF7-4337-925E-898C5C75FBC3}.Release|ARM.Build.0 = Release|Any CPU
		{6CCB1D2F-AEF7-4337-925E-898C5C75FBC3}.Release|x64.ActiveCfg = Release|Any CPU
		{6CCB1D2F-AEF7-4337-925E-898C5C75FBC3}.Release|x64.Build.0 = Release|Any CPU
		{6CCB1D2F-AEF7-4337-925E-898C5C75FBC3}.Release|x86.ActiveCfg = Release|Any CPU
		{6CCB1D2F-AEF7-4337-925E-898C5C75FBC3}.Release|x86.Build.0 = Release|Any CPU
		{5F33C19F-7393-4BF9-99D0-89912466E2B6}.Debug|Any CPU.ActiveCfg = Debug|Any CPU
		{5F33C19F-7393-4BF9-99D0-89912466E2B6}.Debug|Any CPU.Build.0 = Debug|Any CPU
		{5F33C19F-7393-4BF9-99D0-89912466E2B6}.Debug|ARM.ActiveCfg = Debug|Any CPU
		{5F33C19F-7393-4BF9-99D0-89912466E2B6}.Debug|ARM.Build.0 = Debug|Any CPU
		{5F33C19F-7393-4BF9-99D0-89912466E2B6}.Debug|x64.ActiveCfg = Debug|Any CPU
		{5F33C19F-7393-4BF9-99D0-89912466E2B6}.Debug|x64.Build.0 = Debug|Any CPU
		{5F33C19F-7393-4BF9-99D0-89912466E2B6}.Debug|x86.ActiveCfg = Debug|Any CPU
		{5F33C19F-7393-4BF9-99D0-89912466E2B6}.Debug|x86.Build.0 = Debug|Any CPU
		{5F33C19F-7393-4BF9-99D0-89912466E2B6}.Release|Any CPU.ActiveCfg = Release|Any CPU
		{5F33C19F-7393-4BF9-99D0-89912466E2B6}.Release|Any CPU.Build.0 = Release|Any CPU
		{5F33C19F-7393-4BF9-99D0-89912466E2B6}.Release|ARM.ActiveCfg = Release|Any CPU
		{5F33C19F-7393-4BF9-99D0-89912466E2B6}.Release|ARM.Build.0 = Release|Any CPU
		{5F33C19F-7393-4BF9-99D0-89912466E2B6}.Release|x64.ActiveCfg = Release|Any CPU
		{5F33C19F-7393-4BF9-99D0-89912466E2B6}.Release|x64.Build.0 = Release|Any CPU
		{5F33C19F-7393-4BF9-99D0-89912466E2B6}.Release|x86.ActiveCfg = Release|Any CPU
		{5F33C19F-7393-4BF9-99D0-89912466E2B6}.Release|x86.Build.0 = Release|Any CPU
		{68C23C72-9ECF-4DED-86E0-73DC677B2367}.Debug|Any CPU.ActiveCfg = Debug|Any CPU
		{68C23C72-9ECF-4DED-86E0-73DC677B2367}.Debug|Any CPU.Build.0 = Debug|Any CPU
		{68C23C72-9ECF-4DED-86E0-73DC677B2367}.Debug|ARM.ActiveCfg = Debug|Any CPU
		{68C23C72-9ECF-4DED-86E0-73DC677B2367}.Debug|ARM.Build.0 = Debug|Any CPU
		{68C23C72-9ECF-4DED-86E0-73DC677B2367}.Debug|x64.ActiveCfg = Debug|Any CPU
		{68C23C72-9ECF-4DED-86E0-73DC677B2367}.Debug|x64.Build.0 = Debug|Any CPU
		{68C23C72-9ECF-4DED-86E0-73DC677B2367}.Debug|x86.ActiveCfg = Debug|Any CPU
		{68C23C72-9ECF-4DED-86E0-73DC677B2367}.Debug|x86.Build.0 = Debug|Any CPU
		{68C23C72-9ECF-4DED-86E0-73DC677B2367}.Release|Any CPU.ActiveCfg = Release|Any CPU
		{68C23C72-9ECF-4DED-86E0-73DC677B2367}.Release|Any CPU.Build.0 = Release|Any CPU
		{68C23C72-9ECF-4DED-86E0-73DC677B2367}.Release|ARM.ActiveCfg = Release|Any CPU
		{68C23C72-9ECF-4DED-86E0-73DC677B2367}.Release|ARM.Build.0 = Release|Any CPU
		{68C23C72-9ECF-4DED-86E0-73DC677B2367}.Release|x64.ActiveCfg = Release|Any CPU
		{68C23C72-9ECF-4DED-86E0-73DC677B2367}.Release|x64.Build.0 = Release|Any CPU
		{68C23C72-9ECF-4DED-86E0-73DC677B2367}.Release|x86.ActiveCfg = Release|Any CPU
		{68C23C72-9ECF-4DED-86E0-73DC677B2367}.Release|x86.Build.0 = Release|Any CPU
		{EEF5377D-2416-40B4-9EC0-EBD10BFF062F}.Debug|Any CPU.ActiveCfg = Debug|Any CPU
		{EEF5377D-2416-40B4-9EC0-EBD10BFF062F}.Debug|Any CPU.Build.0 = Debug|Any CPU
		{EEF5377D-2416-40B4-9EC0-EBD10BFF062F}.Debug|ARM.ActiveCfg = Debug|Any CPU
		{EEF5377D-2416-40B4-9EC0-EBD10BFF062F}.Debug|ARM.Build.0 = Debug|Any CPU
		{EEF5377D-2416-40B4-9EC0-EBD10BFF062F}.Debug|x64.ActiveCfg = Debug|Any CPU
		{EEF5377D-2416-40B4-9EC0-EBD10BFF062F}.Debug|x64.Build.0 = Debug|Any CPU
		{EEF5377D-2416-40B4-9EC0-EBD10BFF062F}.Debug|x86.ActiveCfg = Debug|Any CPU
		{EEF5377D-2416-40B4-9EC0-EBD10BFF062F}.Debug|x86.Build.0 = Debug|Any CPU
		{EEF5377D-2416-40B4-9EC0-EBD10BFF062F}.Release|Any CPU.ActiveCfg = Release|Any CPU
		{EEF5377D-2416-40B4-9EC0-EBD10BFF062F}.Release|Any CPU.Build.0 = Release|Any CPU
		{EEF5377D-2416-40B4-9EC0-EBD10BFF062F}.Release|ARM.ActiveCfg = Release|Any CPU
		{EEF5377D-2416-40B4-9EC0-EBD10BFF062F}.Release|ARM.Build.0 = Release|Any CPU
		{EEF5377D-2416-40B4-9EC0-EBD10BFF062F}.Release|x64.ActiveCfg = Release|Any CPU
		{EEF5377D-2416-40B4-9EC0-EBD10BFF062F}.Release|x64.Build.0 = Release|Any CPU
		{EEF5377D-2416-40B4-9EC0-EBD10BFF062F}.Release|x86.ActiveCfg = Release|Any CPU
		{EEF5377D-2416-40B4-9EC0-EBD10BFF062F}.Release|x86.Build.0 = Release|Any CPU
	EndGlobalSection
	GlobalSection(SolutionProperties) = preSolution
		HideSolutionNode = FALSE
	EndGlobalSection
	GlobalSection(ExtensibilityGlobals) = postSolution
		SolutionGuid = {92304194-C66F-4854-83ED-6C19975208B4}
	EndGlobalSection
EndGlobal
